// !$*UTF8*$!
{
	archiveVersion = 1;
	classes = {
	};
	objectVersion = 56;
	objects = {

/* Begin PBXBuildFile section */
		0AAC29D02B270BE00069EE9F /* Timer Model.swift in Sources */ = {isa = PBXBuildFile; fileRef = 0AAC29CF2B270BE00069EE9F /* Timer Model.swift */; };
		0AAC29D22B2710050069EE9F /* TimerView.swift in Sources */ = {isa = PBXBuildFile; fileRef = 0AAC29D12B2710050069EE9F /* TimerView.swift */; };
		1A0396532B248E2E000DB43C /* Haptic Model.swift in Sources */ = {isa = PBXBuildFile; fileRef = 1A0396522B248E2E000DB43C /* Haptic Model.swift */; };
		1A3596282B2347630012D276 /* MarsMonkeyApp.swift in Sources */ = {isa = PBXBuildFile; fileRef = 1A3596272B2347630012D276 /* MarsMonkeyApp.swift */; };
		1A35962C2B2347640012D276 /* Assets.xcassets in Resources */ = {isa = PBXBuildFile; fileRef = 1A35962B2B2347640012D276 /* Assets.xcassets */; };
		1A35962F2B2347640012D276 /* Preview Assets.xcassets in Resources */ = {isa = PBXBuildFile; fileRef = 1A35962E2B2347640012D276 /* Preview Assets.xcassets */; };
		1A388A402B2608DF000A2507 /* ContentView.swift in Sources */ = {isa = PBXBuildFile; fileRef = 1A388A3F2B2608DF000A2507 /* ContentView.swift */; };
		1A400F572B29040D00845F3E /* gcJoystick.swift in Sources */ = {isa = PBXBuildFile; fileRef = 1A400F562B29040D00845F3E /* gcJoystick.swift */; };
		1A400F592B2904E300845F3E /* gcCamera.swift in Sources */ = {isa = PBXBuildFile; fileRef = 1A400F582B2904E300845F3E /* gcCamera.swift */; };
		1A400F5B2B29053900845F3E /* gcPlayer.swift in Sources */ = {isa = PBXBuildFile; fileRef = 1A400F5A2B29053900845F3E /* gcPlayer.swift */; };
		1A400F5D2B29056A00845F3E /* gcBackground.swift in Sources */ = {isa = PBXBuildFile; fileRef = 1A400F5C2B29056A00845F3E /* gcBackground.swift */; };
		1A400F5F2B29059300845F3E /* gcRedLine.swift in Sources */ = {isa = PBXBuildFile; fileRef = 1A400F5E2B29059300845F3E /* gcRedLine.swift */; };
		1A400F612B2905B900845F3E /* gcAsteroids.swift in Sources */ = {isa = PBXBuildFile; fileRef = 1A400F602B2905B900845F3E /* gcAsteroids.swift */; };
		1A443F6A2B2672F000037CCA /* Joystick.swift in Sources */ = {isa = PBXBuildFile; fileRef = 1A443F692B2672F000037CCA /* Joystick.swift */; };
		1ACCA8742B23605C00BCE4A6 /* UIElements.swift in Sources */ = {isa = PBXBuildFile; fileRef = 1ACCA8732B23605C00BCE4A6 /* UIElements.swift */; };
		1ACCA8782B2360A400BCE4A6 /* LeaderboardView.swift in Sources */ = {isa = PBXBuildFile; fileRef = 1ACCA8772B2360A400BCE4A6 /* LeaderboardView.swift */; };
		1ACCA87A2B2360C300BCE4A6 /* TimesUpView.swift in Sources */ = {isa = PBXBuildFile; fileRef = 1ACCA8792B2360C300BCE4A6 /* TimesUpView.swift */; };
		1ACCA87E2B2362C300BCE4A6 /* RedBurger.otf in Resources */ = {isa = PBXBuildFile; fileRef = 1ACCA87D2B2362C300BCE4A6 /* RedBurger.otf */; };
		4E5209F92B27151800368A14 /* DataItem.swift in Sources */ = {isa = PBXBuildFile; fileRef = 4E5209F82B27151800368A14 /* DataItem.swift */; };
		4E5209FB2B2716A200368A14 /* LeaderboardModel.swift in Sources */ = {isa = PBXBuildFile; fileRef = 4E5209FA2B2716A200368A14 /* LeaderboardModel.swift */; };
		CC17CAD22B290E450037BEB2 /* gcCraters.swift in Sources */ = {isa = PBXBuildFile; fileRef = CC17CAD12B290E450037BEB2 /* gcCraters.swift */; };
		CC7E7A742B24947F00392E0E /* MenuView.swift in Sources */ = {isa = PBXBuildFile; fileRef = CC7E7A732B24947F00392E0E /* MenuView.swift */; };
		CC7E7A762B24B80500392E0E /* GameOverView.swift in Sources */ = {isa = PBXBuildFile; fileRef = CC7E7A752B24B80500392E0E /* GameOverView.swift */; };
		CCEEADCA2B25F3C900AB2AA0 /* GameView.swift in Sources */ = {isa = PBXBuildFile; fileRef = CCEEADC92B25F3C900AB2AA0 /* GameView.swift */; };
		CCEEADCC2B25F3E800AB2AA0 /* Constants.swift in Sources */ = {isa = PBXBuildFile; fileRef = CCEEADCB2B25F3E800AB2AA0 /* Constants.swift */; };
		CCEEADD02B25F45200AB2AA0 /* GameLogic.swift in Sources */ = {isa = PBXBuildFile; fileRef = CCEEADCF2B25F45200AB2AA0 /* GameLogic.swift */; };
		CCEEADD22B25F46800AB2AA0 /* GameScene.swift in Sources */ = {isa = PBXBuildFile; fileRef = CCEEADD12B25F46800AB2AA0 /* GameScene.swift */; };
/* End PBXBuildFile section */

/* Begin PBXFileReference section */
		0AAC29CF2B270BE00069EE9F /* Timer Model.swift */ = {isa = PBXFileReference; lastKnownFileType = sourcecode.swift; path = "Timer Model.swift"; sourceTree = "<group>"; };
		0AAC29D12B2710050069EE9F /* TimerView.swift */ = {isa = PBXFileReference; lastKnownFileType = sourcecode.swift; path = TimerView.swift; sourceTree = "<group>"; };
		1A0396522B248E2E000DB43C /* Haptic Model.swift */ = {isa = PBXFileReference; fileEncoding = 4; lastKnownFileType = sourcecode.swift; path = "Haptic Model.swift"; sourceTree = "<group>"; };
		1A3596242B2347630012D276 /* MarsMonkey.app */ = {isa = PBXFileReference; explicitFileType = wrapper.application; includeInIndex = 0; path = MarsMonkey.app; sourceTree = BUILT_PRODUCTS_DIR; };
		1A3596272B2347630012D276 /* MarsMonkeyApp.swift */ = {isa = PBXFileReference; lastKnownFileType = sourcecode.swift; path = MarsMonkeyApp.swift; sourceTree = "<group>"; };
		1A35962B2B2347640012D276 /* Assets.xcassets */ = {isa = PBXFileReference; lastKnownFileType = folder.assetcatalog; path = Assets.xcassets; sourceTree = "<group>"; };
		1A35962E2B2347640012D276 /* Preview Assets.xcassets */ = {isa = PBXFileReference; lastKnownFileType = folder.assetcatalog; path = "Preview Assets.xcassets"; sourceTree = "<group>"; };
		1A388A3F2B2608DF000A2507 /* ContentView.swift */ = {isa = PBXFileReference; lastKnownFileType = sourcecode.swift; path = ContentView.swift; sourceTree = "<group>"; };
		1A400F562B29040D00845F3E /* gcJoystick.swift */ = {isa = PBXFileReference; lastKnownFileType = sourcecode.swift; path = gcJoystick.swift; sourceTree = "<group>"; };
		1A400F582B2904E300845F3E /* gcCamera.swift */ = {isa = PBXFileReference; lastKnownFileType = sourcecode.swift; path = gcCamera.swift; sourceTree = "<group>"; };
		1A400F5A2B29053900845F3E /* gcPlayer.swift */ = {isa = PBXFileReference; lastKnownFileType = sourcecode.swift; path = gcPlayer.swift; sourceTree = "<group>"; };
		1A400F5C2B29056A00845F3E /* gcBackground.swift */ = {isa = PBXFileReference; lastKnownFileType = sourcecode.swift; path = gcBackground.swift; sourceTree = "<group>"; };
		1A400F5E2B29059300845F3E /* gcRedLine.swift */ = {isa = PBXFileReference; lastKnownFileType = sourcecode.swift; path = gcRedLine.swift; sourceTree = "<group>"; };
		1A400F602B2905B900845F3E /* gcAsteroids.swift */ = {isa = PBXFileReference; lastKnownFileType = sourcecode.swift; path = gcAsteroids.swift; sourceTree = "<group>"; };
		1A443F692B2672F000037CCA /* Joystick.swift */ = {isa = PBXFileReference; lastKnownFileType = sourcecode.swift; path = Joystick.swift; sourceTree = "<group>"; };
		1ACCA8732B23605C00BCE4A6 /* UIElements.swift */ = {isa = PBXFileReference; lastKnownFileType = sourcecode.swift; path = UIElements.swift; sourceTree = "<group>"; };
		1ACCA8772B2360A400BCE4A6 /* LeaderboardView.swift */ = {isa = PBXFileReference; lastKnownFileType = sourcecode.swift; path = LeaderboardView.swift; sourceTree = "<group>"; };
		1ACCA8792B2360C300BCE4A6 /* TimesUpView.swift */ = {isa = PBXFileReference; lastKnownFileType = sourcecode.swift; path = TimesUpView.swift; sourceTree = "<group>"; };
		1ACCA87D2B2362C300BCE4A6 /* RedBurger.otf */ = {isa = PBXFileReference; lastKnownFileType = file; path = RedBurger.otf; sourceTree = "<group>"; };
		1ACCA87F2B2365B100BCE4A6 /* Info.plist */ = {isa = PBXFileReference; lastKnownFileType = text.plist; path = Info.plist; sourceTree = "<group>"; };
		4E5209F82B27151800368A14 /* DataItem.swift */ = {isa = PBXFileReference; lastKnownFileType = sourcecode.swift; path = DataItem.swift; sourceTree = "<group>"; };
		4E5209FA2B2716A200368A14 /* LeaderboardModel.swift */ = {isa = PBXFileReference; lastKnownFileType = sourcecode.swift; path = LeaderboardModel.swift; sourceTree = "<group>"; };
		CC17CAD12B290E450037BEB2 /* gcCraters.swift */ = {isa = PBXFileReference; lastKnownFileType = sourcecode.swift; path = gcCraters.swift; sourceTree = "<group>"; };
		CC7E7A732B24947F00392E0E /* MenuView.swift */ = {isa = PBXFileReference; lastKnownFileType = sourcecode.swift; path = MenuView.swift; sourceTree = "<group>"; };
		CC7E7A752B24B80500392E0E /* GameOverView.swift */ = {isa = PBXFileReference; lastKnownFileType = sourcecode.swift; path = GameOverView.swift; sourceTree = "<group>"; };
		CCEEADC92B25F3C900AB2AA0 /* GameView.swift */ = {isa = PBXFileReference; lastKnownFileType = sourcecode.swift; path = GameView.swift; sourceTree = "<group>"; };
		CCEEADCB2B25F3E800AB2AA0 /* Constants.swift */ = {isa = PBXFileReference; lastKnownFileType = sourcecode.swift; path = Constants.swift; sourceTree = "<group>"; };
		CCEEADCF2B25F45200AB2AA0 /* GameLogic.swift */ = {isa = PBXFileReference; lastKnownFileType = sourcecode.swift; path = GameLogic.swift; sourceTree = "<group>"; };
		CCEEADD12B25F46800AB2AA0 /* GameScene.swift */ = {isa = PBXFileReference; lastKnownFileType = sourcecode.swift; path = GameScene.swift; sourceTree = "<group>"; };
/* End PBXFileReference section */

/* Begin PBXFrameworksBuildPhase section */
		1A3596212B2347630012D276 /* Frameworks */ = {
			isa = PBXFrameworksBuildPhase;
			buildActionMask = 2147483647;
			files = (
			);
			runOnlyForDeploymentPostprocessing = 0;
		};
/* End PBXFrameworksBuildPhase section */

/* Begin PBXGroup section */
		1A35961B2B2347630012D276 = {
			isa = PBXGroup;
			children = (
				1A3596262B2347630012D276 /* MarsMonkey */,
				1A3596252B2347630012D276 /* Products */,
			);
			sourceTree = "<group>";
		};
		1A3596252B2347630012D276 /* Products */ = {
			isa = PBXGroup;
			children = (
				1A3596242B2347630012D276 /* MarsMonkey.app */,
			);
			name = Products;
			sourceTree = "<group>";
		};
		1A3596262B2347630012D276 /* MarsMonkey */ = {
			isa = PBXGroup;
			children = (
				1ACCA87F2B2365B100BCE4A6 /* Info.plist */,
				1A3596272B2347630012D276 /* MarsMonkeyApp.swift */,
				1A388A3F2B2608DF000A2507 /* ContentView.swift */,
				1A35962B2B2347640012D276 /* Assets.xcassets */,
				CCEEADD32B25F60000AB2AA0 /* Supporting Files */,
				CCEEADCE2B25F41F00AB2AA0 /* Game */,
				1ACCA8762B23607F00BCE4A6 /* Non-Game Views */,
				1ACCA8752B23606100BCE4A6 /* Models */,
				1ACCA87B2B23626700BCE4A6 /* Resources */,
				1A35962D2B2347640012D276 /* Preview Content */,
				4E5209F82B27151800368A14 /* DataItem.swift */,
			);
			path = MarsMonkey;
			sourceTree = "<group>";
		};
		1A35962D2B2347640012D276 /* Preview Content */ = {
			isa = PBXGroup;
			children = (
				1A35962E2B2347640012D276 /* Preview Assets.xcassets */,
			);
			path = "Preview Content";
			sourceTree = "<group>";
		};
		1A400F552B2903E600845F3E /* Game Components */ = {
			isa = PBXGroup;
			children = (
				1A400F562B29040D00845F3E /* gcJoystick.swift */,
				1A400F5A2B29053900845F3E /* gcPlayer.swift */,
				1A400F582B2904E300845F3E /* gcCamera.swift */,
				1A400F5C2B29056A00845F3E /* gcBackground.swift */,
				1A400F5E2B29059300845F3E /* gcRedLine.swift */,
				1A400F602B2905B900845F3E /* gcAsteroids.swift */,
				CC17CAD12B290E450037BEB2 /* gcCraters.swift */,
			);
			path = "Game Components";
			sourceTree = "<group>";
		};
		1ACCA8752B23606100BCE4A6 /* Models */ = {
			isa = PBXGroup;
			children = (
				4E5209FA2B2716A200368A14 /* LeaderboardModel.swift */,
				1A0396522B248E2E000DB43C /* Haptic Model.swift */,
				0AAC29CF2B270BE00069EE9F /* Timer Model.swift */,
			);
			path = Models;
			sourceTree = "<group>";
		};
		1ACCA8762B23607F00BCE4A6 /* Non-Game Views */ = {
			isa = PBXGroup;
			children = (
				CC7E7A732B24947F00392E0E /* MenuView.swift */,
				1ACCA8772B2360A400BCE4A6 /* LeaderboardView.swift */,
			);
			path = "Non-Game Views";
			sourceTree = "<group>";
		};
		1ACCA87B2B23626700BCE4A6 /* Resources */ = {
			isa = PBXGroup;
			children = (
				1ACCA87C2B2362A600BCE4A6 /* Fonts */,
			);
			path = Resources;
			sourceTree = "<group>";
		};
		1ACCA87C2B2362A600BCE4A6 /* Fonts */ = {
			isa = PBXGroup;
			children = (
				1ACCA87D2B2362C300BCE4A6 /* RedBurger.otf */,
			);
			path = Fonts;
			sourceTree = "<group>";
		};
		CCEEADCE2B25F41F00AB2AA0 /* Game */ = {
			isa = PBXGroup;
			children = (
				1A400F552B2903E600845F3E /* Game Components */,
				CCEEADCF2B25F45200AB2AA0 /* GameLogic.swift */,
				CCEEADD12B25F46800AB2AA0 /* GameScene.swift */,
				1A443F692B2672F000037CCA /* Joystick.swift */,
				CCEEADD42B26039B00AB2AA0 /* Game Views */,
			);
			path = Game;
			sourceTree = "<group>";
		};
		CCEEADD32B25F60000AB2AA0 /* Supporting Files */ = {
			isa = PBXGroup;
			children = (
				1ACCA8732B23605C00BCE4A6 /* UIElements.swift */,
				CCEEADCB2B25F3E800AB2AA0 /* Constants.swift */,
			);
			path = "Supporting Files";
			sourceTree = "<group>";
		};
		CCEEADD42B26039B00AB2AA0 /* Game Views */ = {
			isa = PBXGroup;
			children = (
				1ACCA8792B2360C300BCE4A6 /* TimesUpView.swift */,
				CC7E7A752B24B80500392E0E /* GameOverView.swift */,
				CCEEADC92B25F3C900AB2AA0 /* GameView.swift */,
				0AAC29D12B2710050069EE9F /* TimerView.swift */,
			);
			path = "Game Views";
			sourceTree = "<group>";
		};
/* End PBXGroup section */

/* Begin PBXNativeTarget section */
		1A3596232B2347630012D276 /* MarsMonkey */ = {
			isa = PBXNativeTarget;
			buildConfigurationList = 1A3596322B2347640012D276 /* Build configuration list for PBXNativeTarget "MarsMonkey" */;
			buildPhases = (
				1A3596202B2347630012D276 /* Sources */,
				1A3596212B2347630012D276 /* Frameworks */,
				1A3596222B2347630012D276 /* Resources */,
			);
			buildRules = (
			);
			dependencies = (
			);
			name = MarsMonkey;
			productName = MarsMonkey;
			productReference = 1A3596242B2347630012D276 /* MarsMonkey.app */;
			productType = "com.apple.product-type.application";
		};
/* End PBXNativeTarget section */

/* Begin PBXProject section */
		1A35961C2B2347630012D276 /* Project object */ = {
			isa = PBXProject;
			attributes = {
				BuildIndependentTargetsInParallel = 1;
				LastSwiftUpdateCheck = 1500;
				LastUpgradeCheck = 1500;
				TargetAttributes = {
					1A3596232B2347630012D276 = {
						CreatedOnToolsVersion = 15.0.1;
					};
				};
			};
			buildConfigurationList = 1A35961F2B2347630012D276 /* Build configuration list for PBXProject "MarsMonkey" */;
			compatibilityVersion = "Xcode 14.0";
			developmentRegion = en;
			hasScannedForEncodings = 0;
			knownRegions = (
				en,
				Base,
			);
			mainGroup = 1A35961B2B2347630012D276;
			productRefGroup = 1A3596252B2347630012D276 /* Products */;
			projectDirPath = "";
			projectRoot = "";
			targets = (
				1A3596232B2347630012D276 /* MarsMonkey */,
			);
		};
/* End PBXProject section */

/* Begin PBXResourcesBuildPhase section */
		1A3596222B2347630012D276 /* Resources */ = {
			isa = PBXResourcesBuildPhase;
			buildActionMask = 2147483647;
			files = (
				1ACCA87E2B2362C300BCE4A6 /* RedBurger.otf in Resources */,
				1A35962F2B2347640012D276 /* Preview Assets.xcassets in Resources */,
				1A35962C2B2347640012D276 /* Assets.xcassets in Resources */,
			);
			runOnlyForDeploymentPostprocessing = 0;
		};
/* End PBXResourcesBuildPhase section */

/* Begin PBXSourcesBuildPhase section */
		1A3596202B2347630012D276 /* Sources */ = {
			isa = PBXSourcesBuildPhase;
			buildActionMask = 2147483647;
			files = (
				CC7E7A762B24B80500392E0E /* GameOverView.swift in Sources */,
				1A400F572B29040D00845F3E /* gcJoystick.swift in Sources */,
				4E5209FB2B2716A200368A14 /* LeaderboardModel.swift in Sources */,
				1A400F612B2905B900845F3E /* gcAsteroids.swift in Sources */,
				1ACCA8742B23605C00BCE4A6 /* UIElements.swift in Sources */,
				0AAC29D22B2710050069EE9F /* TimerView.swift in Sources */,
				1A400F5F2B29059300845F3E /* gcRedLine.swift in Sources */,
				1A388A402B2608DF000A2507 /* ContentView.swift in Sources */,
				CC17CAD22B290E450037BEB2 /* gcCraters.swift in Sources */,
				CC7E7A742B24947F00392E0E /* MenuView.swift in Sources */,
				1ACCA8782B2360A400BCE4A6 /* LeaderboardView.swift in Sources */,
				1A0396532B248E2E000DB43C /* Haptic Model.swift in Sources */,
				0AAC29D02B270BE00069EE9F /* Timer Model.swift in Sources */,
				CCEEADD22B25F46800AB2AA0 /* GameScene.swift in Sources */,
				1ACCA87A2B2360C300BCE4A6 /* TimesUpView.swift in Sources */,
				1A400F5B2B29053900845F3E /* gcPlayer.swift in Sources */,
				4E5209F92B27151800368A14 /* DataItem.swift in Sources */,
				1A400F592B2904E300845F3E /* gcCamera.swift in Sources */,
				CCEEADCA2B25F3C900AB2AA0 /* GameView.swift in Sources */,
				1A3596282B2347630012D276 /* MarsMonkeyApp.swift in Sources */,
				CCEEADD02B25F45200AB2AA0 /* GameLogic.swift in Sources */,
				1A443F6A2B2672F000037CCA /* Joystick.swift in Sources */,
				CCEEADCC2B25F3E800AB2AA0 /* Constants.swift in Sources */,
				1A400F5D2B29056A00845F3E /* gcBackground.swift in Sources */,
			);
			runOnlyForDeploymentPostprocessing = 0;
		};
/* End PBXSourcesBuildPhase section */

/* Begin XCBuildConfiguration section */
		1A3596302B2347640012D276 /* Debug */ = {
			isa = XCBuildConfiguration;
			buildSettings = {
				ALWAYS_SEARCH_USER_PATHS = NO;
				ASSETCATALOG_COMPILER_GENERATE_SWIFT_ASSET_SYMBOL_EXTENSIONS = YES;
				CLANG_ANALYZER_NONNULL = YES;
				CLANG_ANALYZER_NUMBER_OBJECT_CONVERSION = YES_AGGRESSIVE;
				CLANG_CXX_LANGUAGE_STANDARD = "gnu++20";
				CLANG_ENABLE_MODULES = YES;
				CLANG_ENABLE_OBJC_ARC = YES;
				CLANG_ENABLE_OBJC_WEAK = YES;
				CLANG_WARN_BLOCK_CAPTURE_AUTORELEASING = YES;
				CLANG_WARN_BOOL_CONVERSION = YES;
				CLANG_WARN_COMMA = YES;
				CLANG_WARN_CONSTANT_CONVERSION = YES;
				CLANG_WARN_DEPRECATED_OBJC_IMPLEMENTATIONS = YES;
				CLANG_WARN_DIRECT_OBJC_ISA_USAGE = YES_ERROR;
				CLANG_WARN_DOCUMENTATION_COMMENTS = YES;
				CLANG_WARN_EMPTY_BODY = YES;
				CLANG_WARN_ENUM_CONVERSION = YES;
				CLANG_WARN_INFINITE_RECURSION = YES;
				CLANG_WARN_INT_CONVERSION = YES;
				CLANG_WARN_NON_LITERAL_NULL_CONVERSION = YES;
				CLANG_WARN_OBJC_IMPLICIT_RETAIN_SELF = YES;
				CLANG_WARN_OBJC_LITERAL_CONVERSION = YES;
				CLANG_WARN_OBJC_ROOT_CLASS = YES_ERROR;
				CLANG_WARN_QUOTED_INCLUDE_IN_FRAMEWORK_HEADER = YES;
				CLANG_WARN_RANGE_LOOP_ANALYSIS = YES;
				CLANG_WARN_STRICT_PROTOTYPES = YES;
				CLANG_WARN_SUSPICIOUS_MOVE = YES;
				CLANG_WARN_UNGUARDED_AVAILABILITY = YES_AGGRESSIVE;
				CLANG_WARN_UNREACHABLE_CODE = YES;
				CLANG_WARN__DUPLICATE_METHOD_MATCH = YES;
				COPY_PHASE_STRIP = NO;
				DEBUG_INFORMATION_FORMAT = dwarf;
				ENABLE_STRICT_OBJC_MSGSEND = YES;
				ENABLE_TESTABILITY = YES;
				ENABLE_USER_SCRIPT_SANDBOXING = YES;
				GCC_C_LANGUAGE_STANDARD = gnu17;
				GCC_DYNAMIC_NO_PIC = NO;
				GCC_NO_COMMON_BLOCKS = YES;
				GCC_OPTIMIZATION_LEVEL = 0;
				GCC_PREPROCESSOR_DEFINITIONS = (
					"DEBUG=1",
					"$(inherited)",
				);
				GCC_WARN_64_TO_32_BIT_CONVERSION = YES;
				GCC_WARN_ABOUT_RETURN_TYPE = YES_ERROR;
				GCC_WARN_UNDECLARED_SELECTOR = YES;
				GCC_WARN_UNINITIALIZED_AUTOS = YES_AGGRESSIVE;
				GCC_WARN_UNUSED_FUNCTION = YES;
				GCC_WARN_UNUSED_VARIABLE = YES;
				IPHONEOS_DEPLOYMENT_TARGET = 17.0;
				LOCALIZATION_PREFERS_STRING_CATALOGS = YES;
				MTL_ENABLE_DEBUG_INFO = INCLUDE_SOURCE;
				MTL_FAST_MATH = YES;
				ONLY_ACTIVE_ARCH = YES;
				SDKROOT = iphoneos;
				SWIFT_ACTIVE_COMPILATION_CONDITIONS = "DEBUG $(inherited)";
				SWIFT_OPTIMIZATION_LEVEL = "-Onone";
			};
			name = Debug;
		};
		1A3596312B2347640012D276 /* Release */ = {
			isa = XCBuildConfiguration;
			buildSettings = {
				ALWAYS_SEARCH_USER_PATHS = NO;
				ASSETCATALOG_COMPILER_GENERATE_SWIFT_ASSET_SYMBOL_EXTENSIONS = YES;
				CLANG_ANALYZER_NONNULL = YES;
				CLANG_ANALYZER_NUMBER_OBJECT_CONVERSION = YES_AGGRESSIVE;
				CLANG_CXX_LANGUAGE_STANDARD = "gnu++20";
				CLANG_ENABLE_MODULES = YES;
				CLANG_ENABLE_OBJC_ARC = YES;
				CLANG_ENABLE_OBJC_WEAK = YES;
				CLANG_WARN_BLOCK_CAPTURE_AUTORELEASING = YES;
				CLANG_WARN_BOOL_CONVERSION = YES;
				CLANG_WARN_COMMA = YES;
				CLANG_WARN_CONSTANT_CONVERSION = YES;
				CLANG_WARN_DEPRECATED_OBJC_IMPLEMENTATIONS = YES;
				CLANG_WARN_DIRECT_OBJC_ISA_USAGE = YES_ERROR;
				CLANG_WARN_DOCUMENTATION_COMMENTS = YES;
				CLANG_WARN_EMPTY_BODY = YES;
				CLANG_WARN_ENUM_CONVERSION = YES;
				CLANG_WARN_INFINITE_RECURSION = YES;
				CLANG_WARN_INT_CONVERSION = YES;
				CLANG_WARN_NON_LITERAL_NULL_CONVERSION = YES;
				CLANG_WARN_OBJC_IMPLICIT_RETAIN_SELF = YES;
				CLANG_WARN_OBJC_LITERAL_CONVERSION = YES;
				CLANG_WARN_OBJC_ROOT_CLASS = YES_ERROR;
				CLANG_WARN_QUOTED_INCLUDE_IN_FRAMEWORK_HEADER = YES;
				CLANG_WARN_RANGE_LOOP_ANALYSIS = YES;
				CLANG_WARN_STRICT_PROTOTYPES = YES;
				CLANG_WARN_SUSPICIOUS_MOVE = YES;
				CLANG_WARN_UNGUARDED_AVAILABILITY = YES_AGGRESSIVE;
				CLANG_WARN_UNREACHABLE_CODE = YES;
				CLANG_WARN__DUPLICATE_METHOD_MATCH = YES;
				COPY_PHASE_STRIP = NO;
				DEBUG_INFORMATION_FORMAT = "dwarf-with-dsym";
				ENABLE_NS_ASSERTIONS = NO;
				ENABLE_STRICT_OBJC_MSGSEND = YES;
				ENABLE_USER_SCRIPT_SANDBOXING = YES;
				GCC_C_LANGUAGE_STANDARD = gnu17;
				GCC_NO_COMMON_BLOCKS = YES;
				GCC_WARN_64_TO_32_BIT_CONVERSION = YES;
				GCC_WARN_ABOUT_RETURN_TYPE = YES_ERROR;
				GCC_WARN_UNDECLARED_SELECTOR = YES;
				GCC_WARN_UNINITIALIZED_AUTOS = YES_AGGRESSIVE;
				GCC_WARN_UNUSED_FUNCTION = YES;
				GCC_WARN_UNUSED_VARIABLE = YES;
				IPHONEOS_DEPLOYMENT_TARGET = 17.0;
				LOCALIZATION_PREFERS_STRING_CATALOGS = YES;
				MTL_ENABLE_DEBUG_INFO = NO;
				MTL_FAST_MATH = YES;
				SDKROOT = iphoneos;
				SWIFT_COMPILATION_MODE = wholemodule;
				VALIDATE_PRODUCT = YES;
			};
			name = Release;
		};
		1A3596332B2347640012D276 /* Debug */ = {
			isa = XCBuildConfiguration;
			buildSettings = {
				ASSETCATALOG_COMPILER_APPICON_NAME = AppIcon;
				ASSETCATALOG_COMPILER_GLOBAL_ACCENT_COLOR_NAME = AccentColor;
				CODE_SIGN_STYLE = Automatic;
				CURRENT_PROJECT_VERSION = 1;
				DEVELOPMENT_ASSET_PATHS = "\"MarsMonkey/Preview Content\"";
				DEVELOPMENT_TEAM = GXDG2KXXXC;
				ENABLE_PREVIEWS = YES;
				GENERATE_INFOPLIST_FILE = YES;
				INFOPLIST_FILE = MarsMonkey/Info.plist;
				INFOPLIST_KEY_LSApplicationCategoryType = "public.app-category.arcade-games";
				INFOPLIST_KEY_UIApplicationSceneManifest_Generation = YES;
				INFOPLIST_KEY_UIApplicationSupportsIndirectInputEvents = YES;
				INFOPLIST_KEY_UIRequiresFullScreen = YES;
				INFOPLIST_KEY_UISupportedInterfaceOrientations = UIInterfaceOrientationPortrait;
				LD_RUNPATH_SEARCH_PATHS = (
					"$(inherited)",
					"@executable_path/Frameworks",
				);
				MARKETING_VERSION = 1.0;
				PRODUCT_BUNDLE_IDENTIFIER = com.mattnovoselov.MarsMonkey;
				PRODUCT_NAME = "$(TARGET_NAME)";
				SWIFT_EMIT_LOC_STRINGS = YES;
				SWIFT_VERSION = 5.0;
				TARGETED_DEVICE_FAMILY = "1,2";
			};
			name = Debug;
		};
		1A3596342B2347640012D276 /* Release */ = {
			isa = XCBuildConfiguration;
			buildSettings = {
				ASSETCATALOG_COMPILER_APPICON_NAME = AppIcon;
				ASSETCATALOG_COMPILER_GLOBAL_ACCENT_COLOR_NAME = AccentColor;
				CODE_SIGN_STYLE = Automatic;
				CURRENT_PROJECT_VERSION = 1;
				DEVELOPMENT_ASSET_PATHS = "\"MarsMonkey/Preview Content\"";
				DEVELOPMENT_TEAM = GXDG2KXXXC;
				ENABLE_PREVIEWS = YES;
				GENERATE_INFOPLIST_FILE = YES;
				INFOPLIST_FILE = MarsMonkey/Info.plist;
				INFOPLIST_KEY_LSApplicationCategoryType = "public.app-category.arcade-games";
				INFOPLIST_KEY_UIApplicationSceneManifest_Generation = YES;
				INFOPLIST_KEY_UIApplicationSupportsIndirectInputEvents = YES;
				INFOPLIST_KEY_UIRequiresFullScreen = YES;
				INFOPLIST_KEY_UISupportedInterfaceOrientations = UIInterfaceOrientationPortrait;
				LD_RUNPATH_SEARCH_PATHS = (
					"$(inherited)",
					"@executable_path/Frameworks",
				);
				MARKETING_VERSION = 1.0;
				PRODUCT_BUNDLE_IDENTIFIER = com.mattnovoselov.MarsMonkey;
				PRODUCT_NAME = "$(TARGET_NAME)";
				SWIFT_EMIT_LOC_STRINGS = YES;
				SWIFT_VERSION = 5.0;
				TARGETED_DEVICE_FAMILY = "1,2";
			};
			name = Release;
		};
/* End XCBuildConfiguration section */

/* Begin XCConfigurationList section */
		1A35961F2B2347630012D276 /* Build configuration list for PBXProject "MarsMonkey" */ = {
			isa = XCConfigurationList;
			buildConfigurations = (
				1A3596302B2347640012D276 /* Debug */,
				1A3596312B2347640012D276 /* Release */,
			);
			defaultConfigurationIsVisible = 0;
			defaultConfigurationName = Release;
		};
		1A3596322B2347640012D276 /* Build configuration list for PBXNativeTarget "MarsMonkey" */ = {
			isa = XCConfigurationList;
			buildConfigurations = (
				1A3596332B2347640012D276 /* Debug */,
				1A3596342B2347640012D276 /* Release */,
			);
			defaultConfigurationIsVisible = 0;
			defaultConfigurationName = Release;
		};
/* End XCConfigurationList section */
	};
	rootObject = 1A35961C2B2347630012D276 /* Project object */;
}
